{
  "name": "examples",
  "version": "1.0.0",
  "lockfileVersion": 1,
  "requires": true,
  "dependencies": {
    "@google-web-components/google-apis": {
      "version": "3.0.1",
      "resolved": "https://registry.npmjs.org/@google-web-components/google-apis/-/google-apis-3.0.1.tgz",
      "integrity": "sha512-mOY53UgHz0bQKLRhunMgC+2skTHniq7UWlQ3rs3x9tcZDbTuxe5d9tZA1wt/j4vXViBHa//G+b3Syx8XOoqAwg==",
      "requires": {
        "@polymer/iron-jsonp-library": "^3.0.0-pre.19",
        "@polymer/polymer": "^3.0.0"
      }
    },
    "@google-web-components/google-map": {
      "version": "git+https://github.com/PaackEng/google-map.git#8c3e3ff1f8ae5073a35716725f99cf9c8fea996f",
      "from": "git+https://github.com/PaackEng/google-map.git#3.0",
      "requires": {
        "@google-web-components/google-apis": "^3.0.1",
        "@polymer/iron-resizable-behavior": "^3.0.0",
        "@polymer/iron-selector": "^3.0.0",
        "@polymer/polymer": "^3.0.0"
      }
    },
    "@polymer/iron-jsonp-library": {
      "version": "3.0.1",
      "resolved": "https://registry.npmjs.org/@polymer/iron-jsonp-library/-/iron-jsonp-library-3.0.1.tgz",
      "integrity": "sha512-JpIommURLt9DCqcaJaxsUiDWEaVWV2zoq12oJAMO65Do9Sl9TAv556bI7I4mLJcE40otPZ4wYap4kFViORMiKA==",
      "requires": {
        "@polymer/polymer": "^3.0.0"
      }
    },
    "@polymer/iron-resizable-behavior": {
      "version": "3.0.1",
      "resolved": "https://registry.npmjs.org/@polymer/iron-resizable-behavior/-/iron-resizable-behavior-3.0.1.tgz",
      "integrity": "sha512-FyHxRxFspVoRaeZSWpT3y0C9awomb4tXXolIJcZ7RvXhMP632V5lez+ch5G5SwK0LpnAPkg35eB0LPMFv+YMMQ==",
      "requires": {
        "@polymer/polymer": "^3.0.0"
      }
    },
    "@polymer/iron-selector": {
      "version": "3.0.1",
      "resolved": "https://registry.npmjs.org/@polymer/iron-selector/-/iron-selector-3.0.1.tgz",
      "integrity": "sha512-sBVk2uas6prW0glUe2xEJJYlvxmYzM40Au9OKbfDK2Qekou/fLKcBRyIYI39kuI8zWRaip8f3CI8qXcUHnKb1A==",
      "requires": {
        "@polymer/polymer": "^3.0.0"
      }
    },
    "@polymer/polymer": {
      "version": "3.3.1",
      "resolved": "https://registry.npmjs.org/@polymer/polymer/-/polymer-3.3.1.tgz",
      "integrity": "sha512-8KaB48tzyMjdsHdxo5KvCAaqmTe7rYDzQAoj/pyEfq9Fp4YfUaS+/xqwYj0GbiDAUNzwkmEQ7dw9cgnRNdKO8A==",
      "requires": {
        "@webcomponents/shadycss": "^1.9.1"
      }
    },
    "@webcomponents/shadycss": {
      "version": "1.9.3",
      "resolved": "https://registry.npmjs.org/@webcomponents/shadycss/-/shadycss-1.9.3.tgz",
      "integrity": "sha512-fRuET+UGrH84hG0UF4iHbFqWZKUoan4/ki+iCOJ/vnKltPSHv/ZVbcA6sT/pRreznt8aKEGqN2KdHvgRxn4xjA=="
    },
    "@webcomponents/webcomponentsjs": {
      "version": "2.4.0",
      "resolved": "https://registry.npmjs.org/@webcomponents/webcomponentsjs/-/webcomponentsjs-2.4.0.tgz",
      "integrity": "sha512-kEClEz2nu9/i6SvyBJTV4pCc6CyCzMhK7zEeJ6QhiJoulBp4YZ06Zfj2E2HUXfWfHJIjtKriJYMtfhettKEjEg=="
    }
  }
}
