# THIS IS AN AUTOGENERATED FILE. DO NOT EDIT THIS FILE DIRECTLY.
# yarn lockfile v1


"@google-web-components/google-apis@^3.0.1":
  version "3.0.1"
  resolved "https://registry.yarnpkg.com/@google-web-components/google-apis/-/google-apis-3.0.1.tgz#2630a03728b5113726fb3a82ebb30532e9fa0b5a"
  integrity sha512-mOY53UgHz0bQKLRhunMgC+2skTHniq7UWlQ3rs3x9tcZDbTuxe5d9tZA1wt/j4vXViBHa//G+b3Syx8XOoqAwg==
  dependencies:
    "@polymer/iron-jsonp-library" "^3.0.0-pre.19"
    "@polymer/polymer" "^3.0.0"

"@google-web-components/google-map@git+https://github.com/PaackEng/google-map.git#add-drawing-tool":
  version "3.0.0"
  resolved "git+https://github.com/PaackEng/google-map.git#2f2e488ad1ae33d4ab2cb68ec484b6b318e62e74"
  dependencies:
    "@google-web-components/google-apis" "^3.0.1"
    "@polymer/iron-resizable-behavior" "^3.0.0"
    "@polymer/iron-selector" "^3.0.0"
    "@polymer/polymer" "^3.0.0"

"@polymer/iron-jsonp-library@^3.0.0-pre.19":
  version "3.0.1"
  resolved "https://registry.yarnpkg.com/@polymer/iron-jsonp-library/-/iron-jsonp-library-3.0.1.tgz#559d997e53a623260f49148aa144ae39c1e1a5fa"
  integrity sha512-JpIommURLt9DCqcaJaxsUiDWEaVWV2zoq12oJAMO65Do9Sl9TAv556bI7I4mLJcE40otPZ4wYap4kFViORMiKA==
  dependencies:
    "@polymer/polymer" "^3.0.0"

"@polymer/iron-resizable-behavior@^3.0.0":
  version "3.0.1"
  resolved "https://registry.yarnpkg.com/@polymer/iron-resizable-behavior/-/iron-resizable-behavior-3.0.1.tgz#e284348ed7c1c7e263f7039297532fa954025ea2"
  integrity sha512-FyHxRxFspVoRaeZSWpT3y0C9awomb4tXXolIJcZ7RvXhMP632V5lez+ch5G5SwK0LpnAPkg35eB0LPMFv+YMMQ==
  dependencies:
    "@polymer/polymer" "^3.0.0"

"@polymer/iron-selector@^3.0.0":
  version "3.0.1"
  resolved "https://registry.yarnpkg.com/@polymer/iron-selector/-/iron-selector-3.0.1.tgz#e845bec58489c96b4e7609525532437869ad5a88"
  integrity sha512-sBVk2uas6prW0glUe2xEJJYlvxmYzM40Au9OKbfDK2Qekou/fLKcBRyIYI39kuI8zWRaip8f3CI8qXcUHnKb1A==
  dependencies:
    "@polymer/polymer" "^3.0.0"

"@polymer/polymer@^3.0.0":
  version "3.4.1"
  resolved "https://registry.yarnpkg.com/@polymer/polymer/-/polymer-3.4.1.tgz#333bef25711f8411bb5624fb3eba8212ef8bee96"
  integrity sha512-KPWnhDZibtqKrUz7enIPOiO4ZQoJNOuLwqrhV2MXzIt3VVnUVJVG5ORz4Z2sgO+UZ+/UZnPD0jqY+jmw/+a9mQ==
  dependencies:
    "@webcomponents/shadycss" "^1.9.1"

"@webcomponents/shadycss@^1.9.1":
  version "1.10.2"
  resolved "https://registry.yarnpkg.com/@webcomponents/shadycss/-/shadycss-1.10.2.tgz#40e03cab6dc5e12f199949ba2b79e02f183d1e7b"
  integrity sha512-9Iseu8bRtecb0klvv+WXZOVZatsRkbaH7M97Z+f+Pt909R4lDfgUODAnra23DOZTpeMTAkVpf4m/FZztN7Ox1A==

"@webcomponents/webcomponentsjs@^2.4.1":
  version "2.5.0"
  resolved "https://registry.yarnpkg.com/@webcomponents/webcomponentsjs/-/webcomponentsjs-2.5.0.tgz#61b27785a6ad5bfd68fa018201fe418b118cb38d"
  integrity sha512-C0l51MWQZ9kLzcxOZtniOMohpIFdCLZum7/TEHv3XWFc1Fvt5HCpbSX84x8ltka/JuNKcuiDnxXFkiB2gaePcg==
